// !$*UTF8*$!
{
	archiveVersion = 1;
	classes = {
	};
	objectVersion = 60;
	objects = {

/* Begin PBXBuildFile section */
		AA00000000000000000001 /* TypeWhisperApp.swift in Sources */ = {isa = PBXBuildFile; fileRef = BB00000000000000000001 /* TypeWhisperApp.swift */; };
		AA00000000000000000002 /* ServiceContainer.swift in Sources */ = {isa = PBXBuildFile; fileRef = BB00000000000000000002 /* ServiceContainer.swift */; };
		AA00000000000000000003 /* EngineType.swift in Sources */ = {isa = PBXBuildFile; fileRef = BB00000000000000000003 /* EngineType.swift */; };
		AA00000000000000000004 /* ModelInfo.swift in Sources */ = {isa = PBXBuildFile; fileRef = BB00000000000000000004 /* ModelInfo.swift */; };
		AA00000000000000000005 /* TranscriptionResult.swift in Sources */ = {isa = PBXBuildFile; fileRef = BB00000000000000000005 /* TranscriptionResult.swift */; };
		AA00000000000000000006 /* TranscriptionEngine.swift in Sources */ = {isa = PBXBuildFile; fileRef = BB00000000000000000006 /* TranscriptionEngine.swift */; };
		AA00000000000000000007 /* WhisperEngine.swift in Sources */ = {isa = PBXBuildFile; fileRef = BB00000000000000000007 /* WhisperEngine.swift */; };
		AA00000000000000000008 /* ParakeetEngine.swift in Sources */ = {isa = PBXBuildFile; fileRef = BB00000000000000000008 /* ParakeetEngine.swift */; };
		AA00000000000000000009 /* ModelManagerService.swift in Sources */ = {isa = PBXBuildFile; fileRef = BB00000000000000000009 /* ModelManagerService.swift */; };
		AA00000000000000000010 /* AudioFileService.swift in Sources */ = {isa = PBXBuildFile; fileRef = BB00000000000000000010 /* AudioFileService.swift */; };
		AA00000000000000000011 /* ModelManagerViewModel.swift in Sources */ = {isa = PBXBuildFile; fileRef = BB00000000000000000011 /* ModelManagerViewModel.swift */; };
		AA00000000000000000012 /* FileTranscriptionViewModel.swift in Sources */ = {isa = PBXBuildFile; fileRef = BB00000000000000000012 /* FileTranscriptionViewModel.swift */; };
		AA00000000000000000013 /* SettingsViewModel.swift in Sources */ = {isa = PBXBuildFile; fileRef = BB00000000000000000013 /* SettingsViewModel.swift */; };
		AA00000000000000000014 /* MenuBarView.swift in Sources */ = {isa = PBXBuildFile; fileRef = BB00000000000000000014 /* MenuBarView.swift */; };
		AA00000000000000000015 /* ModelManagerView.swift in Sources */ = {isa = PBXBuildFile; fileRef = BB00000000000000000015 /* ModelManagerView.swift */; };
		AA00000000000000000016 /* FileTranscriptionView.swift in Sources */ = {isa = PBXBuildFile; fileRef = BB00000000000000000016 /* FileTranscriptionView.swift */; };
		AA00000000000000000017 /* SettingsView.swift in Sources */ = {isa = PBXBuildFile; fileRef = BB00000000000000000017 /* SettingsView.swift */; };
		AA00000000000000000020 /* WhisperKit in Frameworks */ = {isa = PBXBuildFile; productRef = PP00000000000000000001 /* WhisperKit */; };
		AA00000000000000000021 /* FluidAudio in Frameworks */ = {isa = PBXBuildFile; productRef = PP00000000000000000002 /* FluidAudio */; };
		AA00000000000000000022 /* KeyboardShortcuts in Frameworks */ = {isa = PBXBuildFile; productRef = PP00000000000000000003 /* KeyboardShortcuts */; };
		AA00000000000000000030 /* AudioRecordingService.swift in Sources */ = {isa = PBXBuildFile; fileRef = BB00000000000000000030 /* AudioRecordingService.swift */; };
		AA00000000000000000031 /* HotkeyService.swift in Sources */ = {isa = PBXBuildFile; fileRef = BB00000000000000000031 /* HotkeyService.swift */; };
		AA00000000000000000032 /* TextInsertionService.swift in Sources */ = {isa = PBXBuildFile; fileRef = BB00000000000000000032 /* TextInsertionService.swift */; };
		AA00000000000000000033 /* DictationViewModel.swift in Sources */ = {isa = PBXBuildFile; fileRef = BB00000000000000000033 /* DictationViewModel.swift */; };
		AA00000000000000000034 /* DictationOverlayPanel.swift in Sources */ = {isa = PBXBuildFile; fileRef = BB00000000000000000034 /* DictationOverlayPanel.swift */; };
		AA00000000000000000035 /* DictationOverlayView.swift in Sources */ = {isa = PBXBuildFile; fileRef = BB00000000000000000035 /* DictationOverlayView.swift */; };
/* End PBXBuildFile section */

/* Begin PBXFileReference section */
		BB00000000000000000001 /* TypeWhisperApp.swift */ = {isa = PBXFileReference; lastKnownFileType = sourcecode.swift; path = TypeWhisperApp.swift; sourceTree = "<group>"; };
		BB00000000000000000002 /* ServiceContainer.swift */ = {isa = PBXFileReference; lastKnownFileType = sourcecode.swift; path = ServiceContainer.swift; sourceTree = "<group>"; };
		BB00000000000000000003 /* EngineType.swift */ = {isa = PBXFileReference; lastKnownFileType = sourcecode.swift; path = EngineType.swift; sourceTree = "<group>"; };
		BB00000000000000000004 /* ModelInfo.swift */ = {isa = PBXFileReference; lastKnownFileType = sourcecode.swift; path = ModelInfo.swift; sourceTree = "<group>"; };
		BB00000000000000000005 /* TranscriptionResult.swift */ = {isa = PBXFileReference; lastKnownFileType = sourcecode.swift; path = TranscriptionResult.swift; sourceTree = "<group>"; };
		BB00000000000000000006 /* TranscriptionEngine.swift */ = {isa = PBXFileReference; lastKnownFileType = sourcecode.swift; path = TranscriptionEngine.swift; sourceTree = "<group>"; };
		BB00000000000000000007 /* WhisperEngine.swift */ = {isa = PBXFileReference; lastKnownFileType = sourcecode.swift; path = WhisperEngine.swift; sourceTree = "<group>"; };
		BB00000000000000000008 /* ParakeetEngine.swift */ = {isa = PBXFileReference; lastKnownFileType = sourcecode.swift; path = ParakeetEngine.swift; sourceTree = "<group>"; };
		BB00000000000000000009 /* ModelManagerService.swift */ = {isa = PBXFileReference; lastKnownFileType = sourcecode.swift; path = ModelManagerService.swift; sourceTree = "<group>"; };
		BB00000000000000000010 /* AudioFileService.swift */ = {isa = PBXFileReference; lastKnownFileType = sourcecode.swift; path = AudioFileService.swift; sourceTree = "<group>"; };
		BB00000000000000000011 /* ModelManagerViewModel.swift */ = {isa = PBXFileReference; lastKnownFileType = sourcecode.swift; path = ModelManagerViewModel.swift; sourceTree = "<group>"; };
		BB00000000000000000012 /* FileTranscriptionViewModel.swift */ = {isa = PBXFileReference; lastKnownFileType = sourcecode.swift; path = FileTranscriptionViewModel.swift; sourceTree = "<group>"; };
		BB00000000000000000013 /* SettingsViewModel.swift */ = {isa = PBXFileReference; lastKnownFileType = sourcecode.swift; path = SettingsViewModel.swift; sourceTree = "<group>"; };
		BB00000000000000000014 /* MenuBarView.swift */ = {isa = PBXFileReference; lastKnownFileType = sourcecode.swift; path = MenuBarView.swift; sourceTree = "<group>"; };
		BB00000000000000000015 /* ModelManagerView.swift */ = {isa = PBXFileReference; lastKnownFileType = sourcecode.swift; path = ModelManagerView.swift; sourceTree = "<group>"; };
		BB00000000000000000016 /* FileTranscriptionView.swift */ = {isa = PBXFileReference; lastKnownFileType = sourcecode.swift; path = FileTranscriptionView.swift; sourceTree = "<group>"; };
		BB00000000000000000017 /* SettingsView.swift */ = {isa = PBXFileReference; lastKnownFileType = sourcecode.swift; path = SettingsView.swift; sourceTree = "<group>"; };
		BB00000000000000000018 /* Info.plist */ = {isa = PBXFileReference; lastKnownFileType = text.plist.xml; path = Info.plist; sourceTree = "<group>"; };
		BB00000000000000000019 /* TypeWhisper.entitlements */ = {isa = PBXFileReference; lastKnownFileType = text.plist.entitlements; path = TypeWhisper.entitlements; sourceTree = "<group>"; };
		BB00000000000000000030 /* AudioRecordingService.swift */ = {isa = PBXFileReference; lastKnownFileType = sourcecode.swift; path = AudioRecordingService.swift; sourceTree = "<group>"; };
		BB00000000000000000031 /* HotkeyService.swift */ = {isa = PBXFileReference; lastKnownFileType = sourcecode.swift; path = HotkeyService.swift; sourceTree = "<group>"; };
		BB00000000000000000032 /* TextInsertionService.swift */ = {isa = PBXFileReference; lastKnownFileType = sourcecode.swift; path = TextInsertionService.swift; sourceTree = "<group>"; };
		BB00000000000000000033 /* DictationViewModel.swift */ = {isa = PBXFileReference; lastKnownFileType = sourcecode.swift; path = DictationViewModel.swift; sourceTree = "<group>"; };
		BB00000000000000000034 /* DictationOverlayPanel.swift */ = {isa = PBXFileReference; lastKnownFileType = sourcecode.swift; path = DictationOverlayPanel.swift; sourceTree = "<group>"; };
		BB00000000000000000035 /* DictationOverlayView.swift */ = {isa = PBXFileReference; lastKnownFileType = sourcecode.swift; path = DictationOverlayView.swift; sourceTree = "<group>"; };
		DD00000000000000000099 /* TypeWhisper.app */ = {isa = PBXFileReference; explicitFileType = wrapper.application; includeInIndex = 0; path = "TypeWhisper.app"; sourceTree = BUILT_PRODUCTS_DIR; };
/* End PBXFileReference section */

/* Begin PBXFrameworksBuildPhase section */
		FF00000000000000000001 /* Frameworks */ = {
			isa = PBXFrameworksBuildPhase;
			buildActionMask = 2147483647;
			files = (
				AA00000000000000000020 /* WhisperKit in Frameworks */,
				AA00000000000000000021 /* FluidAudio in Frameworks */,
				AA00000000000000000022 /* KeyboardShortcuts in Frameworks */,
			);
			runOnlyForDeploymentPostprocessing = 0;
		};
/* End PBXFrameworksBuildPhase section */

/* Begin PBXGroup section */
		CC00000000000000000001 /* Root */ = {
			isa = PBXGroup;
			children = (
				CC00000000000000000002 /* TypeWhisper */,
				CC00000000000000000090 /* Products */,
			);
			sourceTree = "<group>";
		};
		CC00000000000000000002 /* TypeWhisper */ = {
			isa = PBXGroup;
			children = (
				CC00000000000000000003 /* App */,
				CC00000000000000000004 /* Models */,
				CC00000000000000000005 /* Services */,
				CC00000000000000000007 /* ViewModels */,
				CC00000000000000000008 /* Views */,
				CC00000000000000000009 /* Resources */,
			);
			path = TypeWhisper;
			sourceTree = "<group>";
		};
		CC00000000000000000003 /* App */ = {
			isa = PBXGroup;
			children = (
				BB00000000000000000001 /* TypeWhisperApp.swift */,
				BB00000000000000000002 /* ServiceContainer.swift */,
			);
			path = App;
			sourceTree = "<group>";
		};
		CC00000000000000000004 /* Models */ = {
			isa = PBXGroup;
			children = (
				BB00000000000000000003 /* EngineType.swift */,
				BB00000000000000000004 /* ModelInfo.swift */,
				BB00000000000000000005 /* TranscriptionResult.swift */,
			);
			path = Models;
			sourceTree = "<group>";
		};
		CC00000000000000000005 /* Services */ = {
			isa = PBXGroup;
			children = (
				CC00000000000000000006 /* Engine */,
				BB00000000000000000009 /* ModelManagerService.swift */,
				BB00000000000000000010 /* AudioFileService.swift */,
				BB00000000000000000030 /* AudioRecordingService.swift */,
				BB00000000000000000031 /* HotkeyService.swift */,
				BB00000000000000000032 /* TextInsertionService.swift */,
			);
			path = Services;
			sourceTree = "<group>";
		};
		CC00000000000000000006 /* Engine */ = {
			isa = PBXGroup;
			children = (
				BB00000000000000000006 /* TranscriptionEngine.swift */,
				BB00000000000000000007 /* WhisperEngine.swift */,
				BB00000000000000000008 /* ParakeetEngine.swift */,
			);
			path = Engine;
			sourceTree = "<group>";
		};
		CC00000000000000000007 /* ViewModels */ = {
			isa = PBXGroup;
			children = (
				BB00000000000000000011 /* ModelManagerViewModel.swift */,
				BB00000000000000000012 /* FileTranscriptionViewModel.swift */,
				BB00000000000000000013 /* SettingsViewModel.swift */,
				BB00000000000000000033 /* DictationViewModel.swift */,
			);
			path = ViewModels;
			sourceTree = "<group>";
		};
		CC00000000000000000008 /* Views */ = {
			isa = PBXGroup;
			children = (
				BB00000000000000000014 /* MenuBarView.swift */,
				BB00000000000000000015 /* ModelManagerView.swift */,
				BB00000000000000000016 /* FileTranscriptionView.swift */,
				BB00000000000000000017 /* SettingsView.swift */,
				BB00000000000000000034 /* DictationOverlayPanel.swift */,
				BB00000000000000000035 /* DictationOverlayView.swift */,
			);
			path = Views;
			sourceTree = "<group>";
		};
		CC00000000000000000009 /* Resources */ = {
			isa = PBXGroup;
			children = (
				BB00000000000000000018 /* Info.plist */,
				BB00000000000000000019 /* TypeWhisper.entitlements */,
			);
			path = Resources;
			sourceTree = "<group>";
		};
		CC00000000000000000090 /* Products */ = {
			isa = PBXGroup;
			children = (
				DD00000000000000000099 /* TypeWhisper.app */,
			);
			name = Products;
			sourceTree = "<group>";
		};
/* End PBXGroup section */

/* Begin PBXNativeTarget section */
		DD00000000000000000001 /* TypeWhisper */ = {
			isa = PBXNativeTarget;
			buildConfigurationList = FF00000000000000000030 /* Build configuration list for PBXNativeTarget "TypeWhisper" */;
			buildPhases = (
				FF00000000000000000002 /* Sources */,
				FF00000000000000000001 /* Frameworks */,
				FF00000000000000000003 /* Resources */,
			);
			buildRules = (
			);
			dependencies = (
			);
			name = TypeWhisper;
			packageProductDependencies = (
				PP00000000000000000001 /* WhisperKit */,
				PP00000000000000000002 /* FluidAudio */,
				PP00000000000000000003 /* KeyboardShortcuts */,
			);
			productName = TypeWhisper;
			productReference = DD00000000000000000099 /* TypeWhisper.app */;
			productType = "com.apple.product-type.application";
		};
/* End PBXNativeTarget section */

/* Begin PBXProject section */
		EE00000000000000000001 /* Project object */ = {
			isa = PBXProject;
			attributes = {
				BuildIndependentTargetsInParallel = 1;
				LastSwiftUpdateCheck = 1600;
				LastUpgradeCheck = 1600;
				TargetAttributes = {
					DD00000000000000000001 = {
						CreatedOnToolsVersion = 16.0;
					};
				};
			};
			buildConfigurationList = FF00000000000000000020 /* Build configuration list for PBXProject "TypeWhisper" */;
			compatibilityVersion = "Xcode 15.0";
			developmentRegion = en;
			hasScannedForEncodings = 0;
			knownRegions = (
				en,
				de,
				Base,
			);
			mainGroup = CC00000000000000000001 /* Root */;
			packageReferences = (
				RR00000000000000000001 /* XCRemoteSwiftPackageReference "WhisperKit" */,
				RR00000000000000000002 /* XCRemoteSwiftPackageReference "FluidAudio" */,
				RR00000000000000000003 /* XCRemoteSwiftPackageReference "KeyboardShortcuts" */,
			);
			productRefGroup = CC00000000000000000090 /* Products */;
			projectDirPath = "";
			projectRoot = "";
			targets = (
				DD00000000000000000001 /* TypeWhisper */,
			);
		};
/* End PBXProject section */

/* Begin PBXResourcesBuildPhase section */
		FF00000000000000000003 /* Resources */ = {
			isa = PBXResourcesBuildPhase;
			buildActionMask = 2147483647;
			files = (
			);
			runOnlyForDeploymentPostprocessing = 0;
		};
/* End PBXResourcesBuildPhase section */

/* Begin PBXSourcesBuildPhase section */
		FF00000000000000000002 /* Sources */ = {
			isa = PBXSourcesBuildPhase;
			buildActionMask = 2147483647;
			files = (
				AA00000000000000000001 /* TypeWhisperApp.swift in Sources */,
				AA00000000000000000002 /* ServiceContainer.swift in Sources */,
				AA00000000000000000003 /* EngineType.swift in Sources */,
				AA00000000000000000004 /* ModelInfo.swift in Sources */,
				AA00000000000000000005 /* TranscriptionResult.swift in Sources */,
				AA00000000000000000006 /* TranscriptionEngine.swift in Sources */,
				AA00000000000000000007 /* WhisperEngine.swift in Sources */,
				AA00000000000000000008 /* ParakeetEngine.swift in Sources */,
				AA00000000000000000009 /* ModelManagerService.swift in Sources */,
				AA00000000000000000010 /* AudioFileService.swift in Sources */,
				AA00000000000000000011 /* ModelManagerViewModel.swift in Sources */,
				AA00000000000000000012 /* FileTranscriptionViewModel.swift in Sources */,
				AA00000000000000000013 /* SettingsViewModel.swift in Sources */,
				AA00000000000000000014 /* MenuBarView.swift in Sources */,
				AA00000000000000000015 /* ModelManagerView.swift in Sources */,
				AA00000000000000000016 /* FileTranscriptionView.swift in Sources */,
				AA00000000000000000017 /* SettingsView.swift in Sources */,
				AA00000000000000000030 /* AudioRecordingService.swift in Sources */,
				AA00000000000000000031 /* HotkeyService.swift in Sources */,
				AA00000000000000000032 /* TextInsertionService.swift in Sources */,
				AA00000000000000000033 /* DictationViewModel.swift in Sources */,
				AA00000000000000000034 /* DictationOverlayPanel.swift in Sources */,
				AA00000000000000000035 /* DictationOverlayView.swift in Sources */,
			);
			runOnlyForDeploymentPostprocessing = 0;
		};
/* End PBXSourcesBuildPhase section */

/* Begin XCBuildConfiguration section */
		XX00000000000000000001 /* Debug */ = {
			isa = XCBuildConfiguration;
			buildSettings = {
				ALWAYS_SEARCH_USER_PATHS = NO;
				ASSETCATALOG_COMPILER_GENERATE_SWIFT_ASSET_SYMBOL_EXTENSIONS = YES;
				CLANG_ANALYZER_NONNULL = YES;
				CLANG_ANALYZER_NUMBER_OBJECT_CONVERSION = YES_AGGRESSIVE;
				CLANG_CXX_LANGUAGE_STANDARD = "gnu++20";
				CLANG_ENABLE_MODULES = YES;
				CLANG_ENABLE_OBJC_ARC = YES;
				CLANG_ENABLE_OBJC_WEAK = YES;
				CLANG_WARN_BLOCK_CAPTURE_AUTORELEASING = YES;
				CLANG_WARN_BOOL_CONVERSION = YES;
				CLANG_WARN_COMMA = YES;
				CLANG_WARN_CONSTANT_CONVERSION = YES;
				CLANG_WARN_DEPRECATED_OBJC_IMPLEMENTATIONS = YES;
				CLANG_WARN_DIRECT_OBJC_ISA_USAGE = YES_ERROR;
				CLANG_WARN_DOCUMENTATION_COMMENTS = YES;
				CLANG_WARN_EMPTY_BODY = YES;
				CLANG_WARN_ENUM_CONVERSION = YES;
				CLANG_WARN_INFINITE_RECURSION = YES;
				CLANG_WARN_INT_CONVERSION = YES;
				CLANG_WARN_NON_LITERAL_NULL_CONVERSION = YES;
				CLANG_WARN_OBJC_IMPLICIT_RETAIN_SELF = YES;
				CLANG_WARN_OBJC_LITERAL_CONVERSION = YES;
				CLANG_WARN_OBJC_ROOT_CLASS = YES_ERROR;
				CLANG_WARN_QUOTED_INCLUDE_IN_FRAMEWORK_HEADER = YES;
				CLANG_WARN_RANGE_LOOP_ANALYSIS = YES;
				CLANG_WARN_STRICT_PROTOTYPES = YES;
				CLANG_WARN_SUSPICIOUS_MOVE = YES;
				CLANG_WARN_UNGUARDED_AVAILABILITY = YES_AGGRESSIVE;
				CLANG_WARN_UNREACHABLE_CODE = YES;
				CLANG_WARN__DUPLICATE_METHOD_MATCH = YES;
				COPY_PHASE_STRIP = NO;
				DEBUG_INFORMATION_FORMAT = dwarf;
				ENABLE_STRICT_OBJC_MSGSEND = YES;
				ENABLE_TESTABILITY = YES;
				ENABLE_USER_SCRIPT_SANDBOXING = YES;
				GCC_C_LANGUAGE_STANDARD = gnu17;
				GCC_DYNAMIC_NO_PIC = NO;
				GCC_NO_COMMON_BLOCKS = YES;
				GCC_OPTIMIZATION_LEVEL = 0;
				GCC_PREPROCESSOR_DEFINITIONS = (
					"DEBUG=1",
					"$(inherited)",
				);
				GCC_WARN_64_TO_32_BIT_CONVERSION = YES;
				GCC_WARN_ABOUT_RETURN_TYPE = YES_ERROR;
				GCC_WARN_UNDECLARED_SELECTOR = YES;
				GCC_WARN_UNINITIALIZED_AUTOS = YES_AGGRESSIVE;
				GCC_WARN_UNUSED_FUNCTION = YES;
				GCC_WARN_UNUSED_VARIABLE = YES;
				MACOSX_DEPLOYMENT_TARGET = 15.0;
				MTL_ENABLE_DEBUG_INFO = INCLUDE_SOURCE;
				MTL_FAST_MATH = YES;
				ONLY_ACTIVE_ARCH = YES;
				SDKROOT = macosx;
				SWIFT_ACTIVE_COMPILATION_CONDITIONS = "DEBUG $(inherited)";
				SWIFT_OPTIMIZATION_LEVEL = "-Onone";
				SWIFT_VERSION = 5.0;
			};
			name = Debug;
		};
		XX00000000000000000002 /* Release */ = {
			isa = XCBuildConfiguration;
			buildSettings = {
				ALWAYS_SEARCH_USER_PATHS = NO;
				ASSETCATALOG_COMPILER_GENERATE_SWIFT_ASSET_SYMBOL_EXTENSIONS = YES;
				CLANG_ANALYZER_NONNULL = YES;
				CLANG_ANALYZER_NUMBER_OBJECT_CONVERSION = YES_AGGRESSIVE;
				CLANG_CXX_LANGUAGE_STANDARD = "gnu++20";
				CLANG_ENABLE_MODULES = YES;
				CLANG_ENABLE_OBJC_ARC = YES;
				CLANG_ENABLE_OBJC_WEAK = YES;
				CLANG_WARN_BLOCK_CAPTURE_AUTORELEASING = YES;
				CLANG_WARN_BOOL_CONVERSION = YES;
				CLANG_WARN_COMMA = YES;
				CLANG_WARN_CONSTANT_CONVERSION = YES;
				CLANG_WARN_DEPRECATED_OBJC_IMPLEMENTATIONS = YES;
				CLANG_WARN_DIRECT_OBJC_ISA_USAGE = YES_ERROR;
				CLANG_WARN_DOCUMENTATION_COMMENTS = YES;
				CLANG_WARN_EMPTY_BODY = YES;
				CLANG_WARN_ENUM_CONVERSION = YES;
				CLANG_WARN_INFINITE_RECURSION = YES;
				CLANG_WARN_INT_CONVERSION = YES;
				CLANG_WARN_NON_LITERAL_NULL_CONVERSION = YES;
				CLANG_WARN_OBJC_IMPLICIT_RETAIN_SELF = YES;
				CLANG_WARN_OBJC_LITERAL_CONVERSION = YES;
				CLANG_WARN_OBJC_ROOT_CLASS = YES_ERROR;
				CLANG_WARN_QUOTED_INCLUDE_IN_FRAMEWORK_HEADER = YES;
				CLANG_WARN_RANGE_LOOP_ANALYSIS = YES;
				CLANG_WARN_STRICT_PROTOTYPES = YES;
				CLANG_WARN_SUSPICIOUS_MOVE = YES;
				CLANG_WARN_UNGUARDED_AVAILABILITY = YES_AGGRESSIVE;
				CLANG_WARN_UNREACHABLE_CODE = YES;
				CLANG_WARN__DUPLICATE_METHOD_MATCH = YES;
				COPY_PHASE_STRIP = NO;
				DEBUG_INFORMATION_FORMAT = "dwarf-with-dsym";
				ENABLE_NS_ASSERTIONS = NO;
				ENABLE_STRICT_OBJC_MSGSEND = YES;
				ENABLE_USER_SCRIPT_SANDBOXING = YES;
				GCC_C_LANGUAGE_STANDARD = gnu17;
				GCC_NO_COMMON_BLOCKS = YES;
				GCC_WARN_64_TO_32_BIT_CONVERSION = YES;
				GCC_WARN_ABOUT_RETURN_TYPE = YES_ERROR;
				GCC_WARN_UNDECLARED_SELECTOR = YES;
				GCC_WARN_UNINITIALIZED_AUTOS = YES_AGGRESSIVE;
				GCC_WARN_UNUSED_FUNCTION = YES;
				GCC_WARN_UNUSED_VARIABLE = YES;
				MACOSX_DEPLOYMENT_TARGET = 15.0;
				MTL_ENABLE_DEBUG_INFO = NO;
				MTL_FAST_MATH = YES;
				SDKROOT = macosx;
				SWIFT_COMPILATION_MODE = wholemodule;
				SWIFT_VERSION = 5.0;
			};
			name = Release;
		};
		XX00000000000000000003 /* Debug */ = {
			isa = XCBuildConfiguration;
			buildSettings = {
				CODE_SIGN_ENTITLEMENTS = TypeWhisper/Resources/TypeWhisper.entitlements;
				CODE_SIGN_STYLE = Automatic;
				COMBINE_HIDPI_IMAGES = YES;
				CURRENT_PROJECT_VERSION = 1;
				DEVELOPMENT_TEAM = "";
				ENABLE_HARDENED_RUNTIME = YES;
				GENERATE_INFOPLIST_FILE = NO;
				INFOPLIST_FILE = TypeWhisper/Resources/Info.plist;
				INFOPLIST_KEY_LSApplicationCategoryType = "public.app-category.productivity";
				INFOPLIST_KEY_LSUIElement = YES;
				LD_RUNPATH_SEARCH_PATHS = (
					"$(inherited)",
					"@executable_path/../Frameworks",
				);
				MARKETING_VERSION = 0.1.0;
				PRODUCT_BUNDLE_IDENTIFIER = com.typewhisper.localspeech;
				PRODUCT_NAME = TypeWhisper;
				SWIFT_EMIT_LOC_STRINGS = YES;
				SWIFT_STRICT_CONCURRENCY = targeted;
				SWIFT_VERSION = 5.0;
			};
			name = Debug;
		};
		XX00000000000000000004 /* Release */ = {
			isa = XCBuildConfiguration;
			buildSettings = {
				CODE_SIGN_ENTITLEMENTS = TypeWhisper/Resources/TypeWhisper.entitlements;
				CODE_SIGN_STYLE = Automatic;
				COMBINE_HIDPI_IMAGES = YES;
				CURRENT_PROJECT_VERSION = 1;
				DEVELOPMENT_TEAM = "";
				ENABLE_HARDENED_RUNTIME = YES;
				GENERATE_INFOPLIST_FILE = NO;
				INFOPLIST_FILE = TypeWhisper/Resources/Info.plist;
				INFOPLIST_KEY_LSApplicationCategoryType = "public.app-category.productivity";
				INFOPLIST_KEY_LSUIElement = YES;
				LD_RUNPATH_SEARCH_PATHS = (
					"$(inherited)",
					"@executable_path/../Frameworks",
				);
				MARKETING_VERSION = 0.1.0;
				PRODUCT_BUNDLE_IDENTIFIER = com.typewhisper.localspeech;
				PRODUCT_NAME = TypeWhisper;
				SWIFT_EMIT_LOC_STRINGS = YES;
				SWIFT_STRICT_CONCURRENCY = targeted;
				SWIFT_VERSION = 5.0;
			};
			name = Release;
		};
/* End XCBuildConfiguration section */

/* Begin XCConfigurationList section */
		FF00000000000000000020 /* Build configuration list for PBXProject "TypeWhisper" */ = {
			isa = XCConfigurationList;
			buildConfigurations = (
				XX00000000000000000001 /* Debug */,
				XX00000000000000000002 /* Release */,
			);
			defaultConfigurationIsVisible = 0;
			defaultConfigurationName = Release;
		};
		FF00000000000000000030 /* Build configuration list for PBXNativeTarget "TypeWhisper" */ = {
			isa = XCConfigurationList;
			buildConfigurations = (
				XX00000000000000000003 /* Debug */,
				XX00000000000000000004 /* Release */,
			);
			defaultConfigurationIsVisible = 0;
			defaultConfigurationName = Release;
		};
/* End XCConfigurationList section */

/* Begin XCRemoteSwiftPackageReference section */
		RR00000000000000000001 /* XCRemoteSwiftPackageReference "WhisperKit" */ = {
			isa = XCRemoteSwiftPackageReference;
			repositoryURL = "https://github.com/argmaxinc/WhisperKit.git";
			requirement = {
				kind = upToNextMajorVersion;
				minimumVersion = 0.9.0;
			};
		};
		RR00000000000000000002 /* XCRemoteSwiftPackageReference "FluidAudio" */ = {
			isa = XCRemoteSwiftPackageReference;
			repositoryURL = "https://github.com/FluidInference/FluidAudio.git";
			requirement = {
				kind = upToNextMajorVersion;
				minimumVersion = 0.7.9;
			};
		};
		RR00000000000000000003 /* XCRemoteSwiftPackageReference "KeyboardShortcuts" */ = {
			isa = XCRemoteSwiftPackageReference;
			repositoryURL = "https://github.com/sindresorhus/KeyboardShortcuts.git";
			requirement = {
				kind = upToNextMajorVersion;
				minimumVersion = 2.0.0;
			};
		};
/* End XCRemoteSwiftPackageReference section */

/* Begin XCSwiftPackageProductDependency section */
		PP00000000000000000001 /* WhisperKit */ = {
			isa = XCSwiftPackageProductDependency;
			package = RR00000000000000000001 /* XCRemoteSwiftPackageReference "WhisperKit" */;
			productName = WhisperKit;
		};
		PP00000000000000000002 /* FluidAudio */ = {
			isa = XCSwiftPackageProductDependency;
			package = RR00000000000000000002 /* XCRemoteSwiftPackageReference "FluidAudio" */;
			productName = FluidAudio;
		};
		PP00000000000000000003 /* KeyboardShortcuts */ = {
			isa = XCSwiftPackageProductDependency;
			package = RR00000000000000000003 /* XCRemoteSwiftPackageReference "KeyboardShortcuts" */;
			productName = KeyboardShortcuts;
		};
/* End XCSwiftPackageProductDependency section */

	};
	rootObject = EE00000000000000000001 /* Project object */;
}
